
Microsoft Visual Studio Solution File, Format Version 12.00
# Visual Studio Version 16
VisualStudioVersion = 16.0.29306.81
MinimumVisualStudioVersion = 10.0.40219.1
Project("{FAE04EC0-301F-11D3-BF4B-00C04F79EFBC}") = "DnaSearch", "DnaSearch\DnaSearch.csproj", "{9B25ED6F-70EA-4996-9945-F8D0C862FD87}"
EndProject
Global
	GlobalSection(SolutionConfigurationPlatforms) = preSolution
		Debug|Any CPU = Debug|Any CPU
		Release|Any CPU = Release|Any CPU
	EndGlobalSection
	GlobalSection(ProjectConfigurationPlatforms) = postSolution
		{9B25ED6F-70EA-4996-9945-F8D0C862FD87}.Debug|Any CPU.ActiveCfg = Debug|Any CPU
		{9B25ED6F-70EA-4996-9945-F8D0C862FD87}.Debug|Any CPU.Build.0 = Debug|Any CPU
		{9B25ED6F-70EA-4996-9945-F8D0C862FD87}.Release|Any CPU.ActiveCfg = Release|Any CPU
		{9B25ED6F-70EA-4996-9945-F8D0C862FD87}.Release|Any CPU.Build.0 = Release|Any CPU
	EndGlobalSection
	GlobalSection(SolutionProperties) = preSolution
		HideSolutionNode = FALSE
	EndGlobalSection
	GlobalSection(ExtensibilityGlobals) = postSolution
		SolutionGuid = {45AD8E27-0E7C-4E1D-AE05-E81270560C9B}
	EndGlobalSection
EndGlobal
