
Microsoft Visual Studio Solution File, Format Version 12.00
# Visual Studio Version 16
VisualStudioVersion = 16.0.29306.81
MinimumVisualStudioVersion = 10.0.40219.1
Project("{FAE04EC0-301F-11D3-BF4B-00C04F79EFBC}") = "SplittingUrls", "SplittingUrls\SplittingUrls.csproj", "{5844E6F6-1327-4F3C-8A9E-93477FD5C931}"
EndProject
Global
	GlobalSection(SolutionConfigurationPlatforms) = preSolution
		Debug|Any CPU = Debug|Any CPU
		Release|Any CPU = Release|Any CPU
	EndGlobalSection
	GlobalSection(ProjectConfigurationPlatforms) = postSolution
		{5844E6F6-1327-4F3C-8A9E-93477FD5C931}.Debug|Any CPU.ActiveCfg = Debug|Any CPU
		{5844E6F6-1327-4F3C-8A9E-93477FD5C931}.Debug|Any CPU.Build.0 = Debug|Any CPU
		{5844E6F6-1327-4F3C-8A9E-93477FD5C931}.Release|Any CPU.ActiveCfg = Release|Any CPU
		{5844E6F6-1327-4F3C-8A9E-93477FD5C931}.Release|Any CPU.Build.0 = Release|Any CPU
	EndGlobalSection
	GlobalSection(SolutionProperties) = preSolution
		HideSolutionNode = FALSE
	EndGlobalSection
	GlobalSection(ExtensibilityGlobals) = postSolution
		SolutionGuid = {2242793B-F369-49AA-BB29-A3B2D083F2A7}
	EndGlobalSection
EndGlobal
