
Microsoft Visual Studio Solution File, Format Version 12.00
# Visual Studio Version 16
VisualStudioVersion = 16.0.29209.62
MinimumVisualStudioVersion = 10.0.40219.1
Project("{FAE04EC0-301F-11D3-BF4B-00C04F79EFBC}") = "0", "0.csproj", "{CC721F13-AEC7-48D2-BB61-BCD4471730F1}"
EndProject
Global
	GlobalSection(SolutionConfigurationPlatforms) = preSolution
		Debug|Any CPU = Debug|Any CPU
		Release|Any CPU = Release|Any CPU
	EndGlobalSection
	GlobalSection(ProjectConfigurationPlatforms) = postSolution
		{CC721F13-AEC7-48D2-BB61-BCD4471730F1}.Debug|Any CPU.ActiveCfg = Debug|Any CPU
		{CC721F13-AEC7-48D2-BB61-BCD4471730F1}.Debug|Any CPU.Build.0 = Debug|Any CPU
		{CC721F13-AEC7-48D2-BB61-BCD4471730F1}.Release|Any CPU.ActiveCfg = Release|Any CPU
		{CC721F13-AEC7-48D2-BB61-BCD4471730F1}.Release|Any CPU.Build.0 = Release|Any CPU
	EndGlobalSection
	GlobalSection(SolutionProperties) = preSolution
		HideSolutionNode = FALSE
	EndGlobalSection
	GlobalSection(ExtensibilityGlobals) = postSolution
		SolutionGuid = {06F62545-245F-4BF2-BBD8-6D78DDF7E8AF}
	EndGlobalSection
EndGlobal
