
Microsoft Visual Studio Solution File, Format Version 12.00
# Visual Studio Version 16
VisualStudioVersion = 16.0.29306.81
MinimumVisualStudioVersion = 10.0.40219.1
Project("{FAE04EC0-301F-11D3-BF4B-00C04F79EFBC}") = "Concordance", "Concordance\Concordance.csproj", "{4A7ED97E-1B5D-4DCA-A2EF-00E3285A2B71}"
EndProject
Global
	GlobalSection(SolutionConfigurationPlatforms) = preSolution
		Debug|Any CPU = Debug|Any CPU
		Release|Any CPU = Release|Any CPU
	EndGlobalSection
	GlobalSection(ProjectConfigurationPlatforms) = postSolution
		{4A7ED97E-1B5D-4DCA-A2EF-00E3285A2B71}.Debug|Any CPU.ActiveCfg = Debug|Any CPU
		{4A7ED97E-1B5D-4DCA-A2EF-00E3285A2B71}.Debug|Any CPU.Build.0 = Debug|Any CPU
		{4A7ED97E-1B5D-4DCA-A2EF-00E3285A2B71}.Release|Any CPU.ActiveCfg = Release|Any CPU
		{4A7ED97E-1B5D-4DCA-A2EF-00E3285A2B71}.Release|Any CPU.Build.0 = Release|Any CPU
	EndGlobalSection
	GlobalSection(SolutionProperties) = preSolution
		HideSolutionNode = FALSE
	EndGlobalSection
	GlobalSection(ExtensibilityGlobals) = postSolution
		SolutionGuid = {7BC6E074-8AD2-4ECF-9DA2-4F425C658ACF}
	EndGlobalSection
EndGlobal
