
Microsoft Visual Studio Solution File, Format Version 12.00
# Visual Studio 15
VisualStudioVersion = 15.0.28307.572
MinimumVisualStudioVersion = 10.0.40219.1
Project("{FAE04EC0-301F-11D3-BF4B-00C04F79EFBC}") = "OpOpOperators", "OpOpOperators\OpOpOperators.csproj", "{00CD46A2-7397-4908-8DC7-4D2EE33CE8AB}"
EndProject
Global
	GlobalSection(SolutionConfigurationPlatforms) = preSolution
		Debug|Any CPU = Debug|Any CPU
		Release|Any CPU = Release|Any CPU
	EndGlobalSection
	GlobalSection(ProjectConfigurationPlatforms) = postSolution
		{00CD46A2-7397-4908-8DC7-4D2EE33CE8AB}.Debug|Any CPU.ActiveCfg = Debug|Any CPU
		{00CD46A2-7397-4908-8DC7-4D2EE33CE8AB}.Debug|Any CPU.Build.0 = Debug|Any CPU
		{00CD46A2-7397-4908-8DC7-4D2EE33CE8AB}.Release|Any CPU.ActiveCfg = Release|Any CPU
		{00CD46A2-7397-4908-8DC7-4D2EE33CE8AB}.Release|Any CPU.Build.0 = Release|Any CPU
	EndGlobalSection
	GlobalSection(SolutionProperties) = preSolution
		HideSolutionNode = FALSE
	EndGlobalSection
	GlobalSection(ExtensibilityGlobals) = postSolution
		SolutionGuid = {4F33F714-1FA6-4F80-86E0-838010AB9DF4}
	EndGlobalSection
EndGlobal
