
Microsoft Visual Studio Solution File, Format Version 12.00
# Visual Studio Version 16
VisualStudioVersion = 16.0.29201.188
MinimumVisualStudioVersion = 10.0.40219.1
Project("{FAE04EC0-301F-11D3-BF4B-00C04F79EFBC}") = "BottlesOfMilk", "BottlesOfMilk\BottlesOfMilk.csproj", "{0D872515-6B37-4CDD-B8AD-7529256A5F13}"
EndProject
Global
	GlobalSection(SolutionConfigurationPlatforms) = preSolution
		Debug|Any CPU = Debug|Any CPU
		Release|Any CPU = Release|Any CPU
	EndGlobalSection
	GlobalSection(ProjectConfigurationPlatforms) = postSolution
		{0D872515-6B37-4CDD-B8AD-7529256A5F13}.Debug|Any CPU.ActiveCfg = Debug|Any CPU
		{0D872515-6B37-4CDD-B8AD-7529256A5F13}.Debug|Any CPU.Build.0 = Debug|Any CPU
		{0D872515-6B37-4CDD-B8AD-7529256A5F13}.Release|Any CPU.ActiveCfg = Release|Any CPU
		{0D872515-6B37-4CDD-B8AD-7529256A5F13}.Release|Any CPU.Build.0 = Release|Any CPU
	EndGlobalSection
	GlobalSection(SolutionProperties) = preSolution
		HideSolutionNode = FALSE
	EndGlobalSection
	GlobalSection(ExtensibilityGlobals) = postSolution
		SolutionGuid = {6D2D01FE-D4EA-4853-A744-77577BDC234C}
	EndGlobalSection
EndGlobal
