
Microsoft Visual Studio Solution File, Format Version 12.00
# Visual Studio Version 16
VisualStudioVersion = 16.0.29306.81
MinimumVisualStudioVersion = 10.0.40219.1
Project("{FAE04EC0-301F-11D3-BF4B-00C04F79EFBC}") = "BattleshipProject", "BattleshipProject\BattleshipProject.csproj", "{6F8A3449-10A8-49EC-8110-82DA34C282FA}"
EndProject
Project("{FAE04EC0-301F-11D3-BF4B-00C04F79EFBC}") = "MyBattleshipAgent", "MyBattleshipAgent\MyBattleshipAgent.csproj", "{6AC500BB-9217-400A-88EC-F69A20631D5F}"
EndProject
Global
	GlobalSection(SolutionConfigurationPlatforms) = preSolution
		Debug|Any CPU = Debug|Any CPU
		Release|Any CPU = Release|Any CPU
	EndGlobalSection
	GlobalSection(ProjectConfigurationPlatforms) = postSolution
		{6AC500BB-9217-400A-88EC-F69A20631D5F}.Debug|Any CPU.ActiveCfg = Debug|Any CPU
		{6AC500BB-9217-400A-88EC-F69A20631D5F}.Debug|Any CPU.Build.0 = Debug|Any CPU
		{6AC500BB-9217-400A-88EC-F69A20631D5F}.Release|Any CPU.ActiveCfg = Release|Any CPU
		{6AC500BB-9217-400A-88EC-F69A20631D5F}.Release|Any CPU.Build.0 = Release|Any CPU
		{6F8A3449-10A8-49EC-8110-82DA34C282FA}.Debug|Any CPU.ActiveCfg = Debug|Any CPU
		{6F8A3449-10A8-49EC-8110-82DA34C282FA}.Debug|Any CPU.Build.0 = Debug|Any CPU
		{6F8A3449-10A8-49EC-8110-82DA34C282FA}.Release|Any CPU.ActiveCfg = Release|Any CPU
		{6F8A3449-10A8-49EC-8110-82DA34C282FA}.Release|Any CPU.Build.0 = Release|Any CPU
	EndGlobalSection
	GlobalSection(SolutionProperties) = preSolution
		HideSolutionNode = FALSE
	EndGlobalSection
	GlobalSection(ExtensibilityGlobals) = postSolution
		SolutionGuid = {40629B53-B34A-4681-8171-74D905D32279}
	EndGlobalSection
EndGlobal
