
Microsoft Visual Studio Solution File, Format Version 12.00
# Visual Studio Version 16
VisualStudioVersion = 16.0.29209.62
MinimumVisualStudioVersion = 10.0.40219.1
Project("{FAE04EC0-301F-11D3-BF4B-00C04F79EFBC}") = "Guess The Number", "Guess The Number.csproj", "{700A6119-0BBE-4318-B4ED-0B86F19039EB}"
EndProject
Global
	GlobalSection(SolutionConfigurationPlatforms) = preSolution
		Debug|Any CPU = Debug|Any CPU
		Release|Any CPU = Release|Any CPU
	EndGlobalSection
	GlobalSection(ProjectConfigurationPlatforms) = postSolution
		{700A6119-0BBE-4318-B4ED-0B86F19039EB}.Debug|Any CPU.ActiveCfg = Debug|Any CPU
		{700A6119-0BBE-4318-B4ED-0B86F19039EB}.Debug|Any CPU.Build.0 = Debug|Any CPU
		{700A6119-0BBE-4318-B4ED-0B86F19039EB}.Release|Any CPU.ActiveCfg = Release|Any CPU
		{700A6119-0BBE-4318-B4ED-0B86F19039EB}.Release|Any CPU.Build.0 = Release|Any CPU
	EndGlobalSection
	GlobalSection(SolutionProperties) = preSolution
		HideSolutionNode = FALSE
	EndGlobalSection
	GlobalSection(ExtensibilityGlobals) = postSolution
		SolutionGuid = {88C021B5-2D20-4907-ACB5-3FD6683A88ED}
	EndGlobalSection
EndGlobal
