
Microsoft Visual Studio Solution File, Format Version 12.00
# Visual Studio Version 16
VisualStudioVersion = 16.0.29306.81
MinimumVisualStudioVersion = 10.0.40219.1
Project("{FAE04EC0-301F-11D3-BF4B-00C04F79EFBC}") = "SimpleFileStreams", "SimpleFileStreams\SimpleFileStreams.csproj", "{78C52342-60D6-4832-BFAE-AEC18B25162C}"
EndProject
Global
	GlobalSection(SolutionConfigurationPlatforms) = preSolution
		Debug|Any CPU = Debug|Any CPU
		Release|Any CPU = Release|Any CPU
	EndGlobalSection
	GlobalSection(ProjectConfigurationPlatforms) = postSolution
		{78C52342-60D6-4832-BFAE-AEC18B25162C}.Debug|Any CPU.ActiveCfg = Debug|Any CPU
		{78C52342-60D6-4832-BFAE-AEC18B25162C}.Debug|Any CPU.Build.0 = Debug|Any CPU
		{78C52342-60D6-4832-BFAE-AEC18B25162C}.Release|Any CPU.ActiveCfg = Release|Any CPU
		{78C52342-60D6-4832-BFAE-AEC18B25162C}.Release|Any CPU.Build.0 = Release|Any CPU
	EndGlobalSection
	GlobalSection(SolutionProperties) = preSolution
		HideSolutionNode = FALSE
	EndGlobalSection
	GlobalSection(ExtensibilityGlobals) = postSolution
		SolutionGuid = {AE0EF267-574E-458A-9AEC-126A2716B6AC}
	EndGlobalSection
EndGlobal
