
Microsoft Visual Studio Solution File, Format Version 12.00
# Visual Studio Version 16
VisualStudioVersion = 16.0.29306.81
MinimumVisualStudioVersion = 10.0.40219.1
Project("{FAE04EC0-301F-11D3-BF4B-00C04F79EFBC}") = "MadLibs", "MadLibs\MadLibs.csproj", "{C2ED9E45-D5AA-47CE-A708-32FAD6311FC5}"
EndProject
Global
	GlobalSection(SolutionConfigurationPlatforms) = preSolution
		Debug|Any CPU = Debug|Any CPU
		Release|Any CPU = Release|Any CPU
	EndGlobalSection
	GlobalSection(ProjectConfigurationPlatforms) = postSolution
		{C2ED9E45-D5AA-47CE-A708-32FAD6311FC5}.Debug|Any CPU.ActiveCfg = Debug|Any CPU
		{C2ED9E45-D5AA-47CE-A708-32FAD6311FC5}.Debug|Any CPU.Build.0 = Debug|Any CPU
		{C2ED9E45-D5AA-47CE-A708-32FAD6311FC5}.Release|Any CPU.ActiveCfg = Release|Any CPU
		{C2ED9E45-D5AA-47CE-A708-32FAD6311FC5}.Release|Any CPU.Build.0 = Release|Any CPU
	EndGlobalSection
	GlobalSection(SolutionProperties) = preSolution
		HideSolutionNode = FALSE
	EndGlobalSection
	GlobalSection(ExtensibilityGlobals) = postSolution
		SolutionGuid = {7482F820-604F-4845-87F3-DBD91CD8898A}
	EndGlobalSection
EndGlobal
