
Microsoft Visual Studio Solution File, Format Version 12.00
# Visual Studio Version 16
VisualStudioVersion = 16.0.29306.81
MinimumVisualStudioVersion = 10.0.40219.1
Project("{FAE04EC0-301F-11D3-BF4B-00C04F79EFBC}") = "WritingWoes", "WritingWoes\WritingWoes.csproj", "{CFD3AFED-8FB4-4DA1-A86E-1A45ABA087F5}"
EndProject
Global
	GlobalSection(SolutionConfigurationPlatforms) = preSolution
		Debug|Any CPU = Debug|Any CPU
		Release|Any CPU = Release|Any CPU
	EndGlobalSection
	GlobalSection(ProjectConfigurationPlatforms) = postSolution
		{CFD3AFED-8FB4-4DA1-A86E-1A45ABA087F5}.Debug|Any CPU.ActiveCfg = Debug|Any CPU
		{CFD3AFED-8FB4-4DA1-A86E-1A45ABA087F5}.Debug|Any CPU.Build.0 = Debug|Any CPU
		{CFD3AFED-8FB4-4DA1-A86E-1A45ABA087F5}.Release|Any CPU.ActiveCfg = Release|Any CPU
		{CFD3AFED-8FB4-4DA1-A86E-1A45ABA087F5}.Release|Any CPU.Build.0 = Release|Any CPU
	EndGlobalSection
	GlobalSection(SolutionProperties) = preSolution
		HideSolutionNode = FALSE
	EndGlobalSection
	GlobalSection(ExtensibilityGlobals) = postSolution
		SolutionGuid = {34C91B97-6EC3-4AAD-95B1-95546734CC89}
	EndGlobalSection
EndGlobal
