
Microsoft Visual Studio Solution File, Format Version 12.00
# Visual Studio Version 16
VisualStudioVersion = 16.0.29209.62
MinimumVisualStudioVersion = 10.0.40219.1
Project("{FAE04EC0-301F-11D3-BF4B-00C04F79EFBC}") = "ToInfiniteAndBeyond", "ToInfiniteAndBeyond\ToInfiniteAndBeyond.csproj", "{B31AA2B0-554D-4424-80EE-3B8C8633C7A1}"
EndProject
Global
	GlobalSection(SolutionConfigurationPlatforms) = preSolution
		Debug|Any CPU = Debug|Any CPU
		Release|Any CPU = Release|Any CPU
	EndGlobalSection
	GlobalSection(ProjectConfigurationPlatforms) = postSolution
		{B31AA2B0-554D-4424-80EE-3B8C8633C7A1}.Debug|Any CPU.ActiveCfg = Debug|Any CPU
		{B31AA2B0-554D-4424-80EE-3B8C8633C7A1}.Debug|Any CPU.Build.0 = Debug|Any CPU
		{B31AA2B0-554D-4424-80EE-3B8C8633C7A1}.Release|Any CPU.ActiveCfg = Release|Any CPU
		{B31AA2B0-554D-4424-80EE-3B8C8633C7A1}.Release|Any CPU.Build.0 = Release|Any CPU
	EndGlobalSection
	GlobalSection(SolutionProperties) = preSolution
		HideSolutionNode = FALSE
	EndGlobalSection
	GlobalSection(ExtensibilityGlobals) = postSolution
		SolutionGuid = {B6D47DCC-184F-414A-ACA4-226AF1F403E1}
	EndGlobalSection
EndGlobal
