
Microsoft Visual Studio Solution File, Format Version 12.00
# Visual Studio Version 16
VisualStudioVersion = 16.0.29209.62
MinimumVisualStudioVersion = 10.0.40219.1
Project("{FAE04EC0-301F-11D3-BF4B-00C04F79EFBC}") = "Topic3", "Topic3.csproj", "{EE9C0176-00DB-4D42-B869-32AFB39367CD}"
EndProject
Global
	GlobalSection(SolutionConfigurationPlatforms) = preSolution
		Debug|Any CPU = Debug|Any CPU
		Release|Any CPU = Release|Any CPU
	EndGlobalSection
	GlobalSection(ProjectConfigurationPlatforms) = postSolution
		{EE9C0176-00DB-4D42-B869-32AFB39367CD}.Debug|Any CPU.ActiveCfg = Debug|Any CPU
		{EE9C0176-00DB-4D42-B869-32AFB39367CD}.Debug|Any CPU.Build.0 = Debug|Any CPU
		{EE9C0176-00DB-4D42-B869-32AFB39367CD}.Release|Any CPU.ActiveCfg = Release|Any CPU
		{EE9C0176-00DB-4D42-B869-32AFB39367CD}.Release|Any CPU.Build.0 = Release|Any CPU
	EndGlobalSection
	GlobalSection(SolutionProperties) = preSolution
		HideSolutionNode = FALSE
	EndGlobalSection
	GlobalSection(ExtensibilityGlobals) = postSolution
		SolutionGuid = {51C51C1A-258D-4902-A459-BB41D3086109}
	EndGlobalSection
EndGlobal
