
Microsoft Visual Studio Solution File, Format Version 12.00
# Visual Studio Version 16
VisualStudioVersion = 16.0.29209.62
MinimumVisualStudioVersion = 10.0.40219.1
Project("{FAE04EC0-301F-11D3-BF4B-00C04F79EFBC}") = "SimpleArrays", "SimpleArrays\SimpleArrays.csproj", "{EE0D2A8C-A133-43A7-84BA-8A748E628D2A}"
EndProject
Global
	GlobalSection(SolutionConfigurationPlatforms) = preSolution
		Debug|Any CPU = Debug|Any CPU
		Release|Any CPU = Release|Any CPU
	EndGlobalSection
	GlobalSection(ProjectConfigurationPlatforms) = postSolution
		{EE0D2A8C-A133-43A7-84BA-8A748E628D2A}.Debug|Any CPU.ActiveCfg = Debug|Any CPU
		{EE0D2A8C-A133-43A7-84BA-8A748E628D2A}.Debug|Any CPU.Build.0 = Debug|Any CPU
		{EE0D2A8C-A133-43A7-84BA-8A748E628D2A}.Release|Any CPU.ActiveCfg = Release|Any CPU
		{EE0D2A8C-A133-43A7-84BA-8A748E628D2A}.Release|Any CPU.Build.0 = Release|Any CPU
	EndGlobalSection
	GlobalSection(SolutionProperties) = preSolution
		HideSolutionNode = FALSE
	EndGlobalSection
	GlobalSection(ExtensibilityGlobals) = postSolution
		SolutionGuid = {C01C2E8A-446B-4F12-BFE3-A1E7319AAB88}
	EndGlobalSection
EndGlobal
