
Microsoft Visual Studio Solution File, Format Version 12.00
# Visual Studio 15
VisualStudioVersion = 15.0.28307.572
MinimumVisualStudioVersion = 10.0.40219.1
Project("{FAE04EC0-301F-11D3-BF4B-00C04F79EFBC}") = "ComplexVars", "ComplexVars\ComplexVars.csproj", "{C667A60B-BA90-408B-B3B3-485806837FBD}"
EndProject
Global
	GlobalSection(SolutionConfigurationPlatforms) = preSolution
		Debug|Any CPU = Debug|Any CPU
		Release|Any CPU = Release|Any CPU
	EndGlobalSection
	GlobalSection(ProjectConfigurationPlatforms) = postSolution
		{C667A60B-BA90-408B-B3B3-485806837FBD}.Debug|Any CPU.ActiveCfg = Debug|Any CPU
		{C667A60B-BA90-408B-B3B3-485806837FBD}.Debug|Any CPU.Build.0 = Debug|Any CPU
		{C667A60B-BA90-408B-B3B3-485806837FBD}.Release|Any CPU.ActiveCfg = Release|Any CPU
		{C667A60B-BA90-408B-B3B3-485806837FBD}.Release|Any CPU.Build.0 = Release|Any CPU
	EndGlobalSection
	GlobalSection(SolutionProperties) = preSolution
		HideSolutionNode = FALSE
	EndGlobalSection
	GlobalSection(ExtensibilityGlobals) = postSolution
		SolutionGuid = {32DD7F64-1C36-46D2-8690-2F45D3C58F1C}
	EndGlobalSection
EndGlobal
